// !$*UTF8*$!
{
	archiveVersion = 1;
	classes = {
	};
	objectVersion = 56;
	objects = {

/* Begin PBXBuildFile section */
		460DF07F2BBA652600EA5E6C /* TableView.swift in Sources */ = {isa = PBXBuildFile; fileRef = 460DF07E2BBA652600EA5E6C /* TableView.swift */; };
		460DF0812BBA653600EA5E6C /* DayPicker.swift in Sources */ = {isa = PBXBuildFile; fileRef = 460DF0802BBA653600EA5E6C /* DayPicker.swift */; };
		460DF0832BBA654F00EA5E6C /* PreferencesView.swift in Sources */ = {isa = PBXBuildFile; fileRef = 460DF0822BBA654F00EA5E6C /* PreferencesView.swift */; };
		460DF0852BBA657600EA5E6C /* Menus.swift in Sources */ = {isa = PBXBuildFile; fileRef = 460DF0842BBA657600EA5E6C /* Menus.swift */; };
		460DF0872BBA657E00EA5E6C /* Toolbar.swift in Sources */ = {isa = PBXBuildFile; fileRef = 460DF0862BBA657E00EA5E6C /* Toolbar.swift */; };
		460DF0892BBA65BC00EA5E6C /* DisplayMode.swift in Sources */ = {isa = PBXBuildFile; fileRef = 460DF0882BBA65BC00EA5E6C /* DisplayMode.swift */; };
		460DF08B2BBA6D9E00EA5E6C /* Credits.html in Resources */ = {isa = PBXBuildFile; fileRef = 460DF08A2BBA6D9E00EA5E6C /* Credits.html */; };
		468634542BB6669200A1C514 /* OnThisDayApp.swift in Sources */ = {isa = PBXBuildFile; fileRef = 468634532BB6669200A1C514 /* OnThisDayApp.swift */; };
		468634562BB6669200A1C514 /* ContentView.swift in Sources */ = {isa = PBXBuildFile; fileRef = 468634552BB6669200A1C514 /* ContentView.swift */; };
		468634582BB6669400A1C514 /* Assets.xcassets in Resources */ = {isa = PBXBuildFile; fileRef = 468634572BB6669400A1C514 /* Assets.xcassets */; };
		4686345B2BB6669400A1C514 /* Preview Assets.xcassets in Resources */ = {isa = PBXBuildFile; fileRef = 4686345A2BB6669400A1C514 /* Preview Assets.xcassets */; };
		4686346B2BB6680D00A1C514 /* Networker.swift in Sources */ = {isa = PBXBuildFile; fileRef = 468634622BB6680D00A1C514 /* Networker.swift */; };
		4686346C2BB6680D00A1C514 /* String_decoded.swift in Sources */ = {isa = PBXBuildFile; fileRef = 468634632BB6680D00A1C514 /* String_decoded.swift */; };
		4686346D2BB6680D00A1C514 /* AppState.swift in Sources */ = {isa = PBXBuildFile; fileRef = 468634652BB6680D00A1C514 /* AppState.swift */; };
		4686346E2BB6680D00A1C514 /* Day.swift in Sources */ = {isa = PBXBuildFile; fileRef = 468634662BB6680D00A1C514 /* Day.swift */; };
		4686346F2BB6680D00A1C514 /* Event.swift in Sources */ = {isa = PBXBuildFile; fileRef = 468634672BB6680D00A1C514 /* Event.swift */; };
		468634702BB6680D00A1C514 /* EventLink.swift in Sources */ = {isa = PBXBuildFile; fileRef = 468634682BB6680D00A1C514 /* EventLink.swift */; };
		468634712BB6680D00A1C514 /* SampleEvent.swift in Sources */ = {isa = PBXBuildFile; fileRef = 4686346A2BB6680D00A1C514 /* SampleEvent.swift */; };
		468634732BB672EC00A1C514 /* SidebarView.swift in Sources */ = {isa = PBXBuildFile; fileRef = 468634722BB672EC00A1C514 /* SidebarView.swift */; };
		468634762BB676BE00A1C514 /* EventView.swift in Sources */ = {isa = PBXBuildFile; fileRef = 468634752BB676BE00A1C514 /* EventView.swift */; };
		468634782BB6ABE900A1C514 /* GridView.swift in Sources */ = {isa = PBXBuildFile; fileRef = 468634772BB6ABE900A1C514 /* GridView.swift */; };
/* End PBXBuildFile section */

/* Begin PBXFileReference section */
		460DF07E2BBA652600EA5E6C /* TableView.swift */ = {isa = PBXFileReference; lastKnownFileType = sourcecode.swift; path = TableView.swift; sourceTree = "<group>"; };
		460DF0802BBA653600EA5E6C /* DayPicker.swift */ = {isa = PBXFileReference; lastKnownFileType = sourcecode.swift; path = DayPicker.swift; sourceTree = "<group>"; };
		460DF0822BBA654F00EA5E6C /* PreferencesView.swift */ = {isa = PBXFileReference; lastKnownFileType = sourcecode.swift; path = PreferencesView.swift; sourceTree = "<group>"; };
		460DF0842BBA657600EA5E6C /* Menus.swift */ = {isa = PBXFileReference; lastKnownFileType = sourcecode.swift; path = Menus.swift; sourceTree = "<group>"; };
		460DF0862BBA657E00EA5E6C /* Toolbar.swift */ = {isa = PBXFileReference; lastKnownFileType = sourcecode.swift; path = Toolbar.swift; sourceTree = "<group>"; };
		460DF0882BBA65BC00EA5E6C /* DisplayMode.swift */ = {isa = PBXFileReference; lastKnownFileType = sourcecode.swift; path = DisplayMode.swift; sourceTree = "<group>"; };
		460DF08A2BBA6D9E00EA5E6C /* Credits.html */ = {isa = PBXFileReference; lastKnownFileType = text.html; path = Credits.html; sourceTree = "<group>"; };
		468634502BB6669200A1C514 /* On This Day.app */ = {isa = PBXFileReference; explicitFileType = wrapper.application; includeInIndex = 0; path = "On This Day.app"; sourceTree = BUILT_PRODUCTS_DIR; };
		468634532BB6669200A1C514 /* OnThisDayApp.swift */ = {isa = PBXFileReference; lastKnownFileType = sourcecode.swift; path = OnThisDayApp.swift; sourceTree = "<group>"; };
		468634552BB6669200A1C514 /* ContentView.swift */ = {isa = PBXFileReference; lastKnownFileType = sourcecode.swift; path = ContentView.swift; sourceTree = "<group>"; };
		468634572BB6669400A1C514 /* Assets.xcassets */ = {isa = PBXFileReference; lastKnownFileType = folder.assetcatalog; path = Assets.xcassets; sourceTree = "<group>"; };
		4686345A2BB6669400A1C514 /* Preview Assets.xcassets */ = {isa = PBXFileReference; lastKnownFileType = folder.assetcatalog; path = "Preview Assets.xcassets"; sourceTree = "<group>"; };
		4686345C2BB6669400A1C514 /* OnThisDay.entitlements */ = {isa = PBXFileReference; lastKnownFileType = text.plist.entitlements; path = OnThisDay.entitlements; sourceTree = "<group>"; };
		468634622BB6680D00A1C514 /* Networker.swift */ = {isa = PBXFileReference; fileEncoding = 4; lastKnownFileType = sourcecode.swift; path = Networker.swift; sourceTree = "<group>"; };
		468634632BB6680D00A1C514 /* String_decoded.swift */ = {isa = PBXFileReference; fileEncoding = 4; lastKnownFileType = sourcecode.swift; path = String_decoded.swift; sourceTree = "<group>"; };
		468634652BB6680D00A1C514 /* AppState.swift */ = {isa = PBXFileReference; fileEncoding = 4; lastKnownFileType = sourcecode.swift; path = AppState.swift; sourceTree = "<group>"; };
		468634662BB6680D00A1C514 /* Day.swift */ = {isa = PBXFileReference; fileEncoding = 4; lastKnownFileType = sourcecode.swift; path = Day.swift; sourceTree = "<group>"; };
		468634672BB6680D00A1C514 /* Event.swift */ = {isa = PBXFileReference; fileEncoding = 4; lastKnownFileType = sourcecode.swift; path = Event.swift; sourceTree = "<group>"; };
		468634682BB6680D00A1C514 /* EventLink.swift */ = {isa = PBXFileReference; fileEncoding = 4; lastKnownFileType = sourcecode.swift; path = EventLink.swift; sourceTree = "<group>"; };
		4686346A2BB6680D00A1C514 /* SampleEvent.swift */ = {isa = PBXFileReference; fileEncoding = 4; lastKnownFileType = sourcecode.swift; path = SampleEvent.swift; sourceTree = "<group>"; };
		468634722BB672EC00A1C514 /* SidebarView.swift */ = {isa = PBXFileReference; lastKnownFileType = sourcecode.swift; path = SidebarView.swift; sourceTree = "<group>"; };
		468634752BB676BE00A1C514 /* EventView.swift */ = {isa = PBXFileReference; lastKnownFileType = sourcecode.swift; path = EventView.swift; sourceTree = "<group>"; };
		468634772BB6ABE900A1C514 /* GridView.swift */ = {isa = PBXFileReference; lastKnownFileType = sourcecode.swift; path = GridView.swift; sourceTree = "<group>"; };
/* End PBXFileReference section */

/* Begin PBXFrameworksBuildPhase section */
		4686344D2BB6669200A1C514 /* Frameworks */ = {
			isa = PBXFrameworksBuildPhase;
			buildActionMask = 2147483647;
			files = (
			);
			runOnlyForDeploymentPostprocessing = 0;
		};
/* End PBXFrameworksBuildPhase section */

/* Begin PBXGroup section */
		468634472BB6669200A1C514 = {
			isa = PBXGroup;
			children = (
				468634522BB6669200A1C514 /* OnThisDay */,
				468634512BB6669200A1C514 /* Products */,
			);
			sourceTree = "<group>";
		};
		468634512BB6669200A1C514 /* Products */ = {
			isa = PBXGroup;
			children = (
				468634502BB6669200A1C514 /* On This Day.app */,
			);
			name = Products;
			sourceTree = "<group>";
		};
		468634522BB6669200A1C514 /* OnThisDay */ = {
			isa = PBXGroup;
			children = (
				468634692BB6680D00A1C514 /* Models */,
				4686346A2BB6680D00A1C514 /* SampleEvent.swift */,
				468634642BB6680D00A1C514 /* Utilities */,
				468634532BB6669200A1C514 /* OnThisDayApp.swift */,
				468634742BB676B100A1C514 /* Views */,
				468634572BB6669400A1C514 /* Assets.xcassets */,
				460DF08A2BBA6D9E00EA5E6C /* Credits.html */,
				4686345C2BB6669400A1C514 /* OnThisDay.entitlements */,
				468634592BB6669400A1C514 /* Preview Content */,
			);
			path = OnThisDay;
			sourceTree = "<group>";
		};
		468634592BB6669400A1C514 /* Preview Content */ = {
			isa = PBXGroup;
			children = (
				4686345A2BB6669400A1C514 /* Preview Assets.xcassets */,
			);
			path = "Preview Content";
			sourceTree = "<group>";
		};
		468634642BB6680D00A1C514 /* Utilities */ = {
			isa = PBXGroup;
			children = (
				468634622BB6680D00A1C514 /* Networker.swift */,
				468634632BB6680D00A1C514 /* String_decoded.swift */,
			);
			path = Utilities;
			sourceTree = "<group>";
		};
		468634692BB6680D00A1C514 /* Models */ = {
			isa = PBXGroup;
			children = (
				468634652BB6680D00A1C514 /* AppState.swift */,
				468634662BB6680D00A1C514 /* Day.swift */,
				468634672BB6680D00A1C514 /* Event.swift */,
				468634682BB6680D00A1C514 /* EventLink.swift */,
				460DF0882BBA65BC00EA5E6C /* DisplayMode.swift */,
			);
			path = Models;
			sourceTree = "<group>";
		};
		468634742BB676B100A1C514 /* Views */ = {
			isa = PBXGroup;
			children = (
				468634772BB6ABE900A1C514 /* GridView.swift */,
				468634552BB6669200A1C514 /* ContentView.swift */,
				468634722BB672EC00A1C514 /* SidebarView.swift */,
				468634752BB676BE00A1C514 /* EventView.swift */,
				460DF07E2BBA652600EA5E6C /* TableView.swift */,
				460DF0802BBA653600EA5E6C /* DayPicker.swift */,
				460DF0822BBA654F00EA5E6C /* PreferencesView.swift */,
				460DF0842BBA657600EA5E6C /* Menus.swift */,
				460DF0862BBA657E00EA5E6C /* Toolbar.swift */,
			);
			path = Views;
			sourceTree = "<group>";
		};
/* End PBXGroup section */

/* Begin PBXNativeTarget section */
		4686344F2BB6669200A1C514 /* OnThisDay */ = {
			isa = PBXNativeTarget;
			buildConfigurationList = 4686345F2BB6669400A1C514 /* Build configuration list for PBXNativeTarget "OnThisDay" */;
			buildPhases = (
				4686344C2BB6669200A1C514 /* Sources */,
				4686344D2BB6669200A1C514 /* Frameworks */,
				4686344E2BB6669200A1C514 /* Resources */,
			);
			buildRules = (
			);
			dependencies = (
			);
			name = OnThisDay;
			productName = OnThisDay;
			productReference = 468634502BB6669200A1C514 /* On This Day.app */;
			productType = "com.apple.product-type.application";
		};
/* End PBXNativeTarget section */

/* Begin PBXProject section */
		468634482BB6669200A1C514 /* Project object */ = {
			isa = PBXProject;
			attributes = {
				BuildIndependentTargetsInParallel = 1;
				LastSwiftUpdateCheck = 1530;
				LastUpgradeCheck = 1530;
				TargetAttributes = {
					4686344F2BB6669200A1C514 = {
						CreatedOnToolsVersion = 15.3;
					};
				};
			};
			buildConfigurationList = 4686344B2BB6669200A1C514 /* Build configuration list for PBXProject "OnThisDay" */;
			compatibilityVersion = "Xcode 14.0";
			developmentRegion = en;
			hasScannedForEncodings = 0;
			knownRegions = (
				en,
				Base,
			);
			mainGroup = 468634472BB6669200A1C514;
			productRefGroup = 468634512BB6669200A1C514 /* Products */;
			projectDirPath = "";
			projectRoot = "";
			targets = (
				4686344F2BB6669200A1C514 /* OnThisDay */,
			);
		};
/* End PBXProject section */

/* Begin PBXResourcesBuildPhase section */
		4686344E2BB6669200A1C514 /* Resources */ = {
			isa = PBXResourcesBuildPhase;
			buildActionMask = 2147483647;
			files = (
				4686345B2BB6669400A1C514 /* Preview Assets.xcassets in Resources */,
				460DF08B2BBA6D9E00EA5E6C /* Credits.html in Resources */,
				468634582BB6669400A1C514 /* Assets.xcassets in Resources */,
			);
			runOnlyForDeploymentPostprocessing = 0;
		};
/* End PBXResourcesBuildPhase section */

/* Begin PBXSourcesBuildPhase section */
		4686344C2BB6669200A1C514 /* Sources */ = {
			isa = PBXSourcesBuildPhase;
			buildActionMask = 2147483647;
			files = (
				468634562BB6669200A1C514 /* ContentView.swift in Sources */,
				4686346D2BB6680D00A1C514 /* AppState.swift in Sources */,
				468634762BB676BE00A1C514 /* EventView.swift in Sources */,
				468634702BB6680D00A1C514 /* EventLink.swift in Sources */,
				460DF0812BBA653600EA5E6C /* DayPicker.swift in Sources */,
				4686346E2BB6680D00A1C514 /* Day.swift in Sources */,
				4686346C2BB6680D00A1C514 /* String_decoded.swift in Sources */,
				468634542BB6669200A1C514 /* OnThisDayApp.swift in Sources */,
				4686346F2BB6680D00A1C514 /* Event.swift in Sources */,
				460DF0892BBA65BC00EA5E6C /* DisplayMode.swift in Sources */,
				460DF07F2BBA652600EA5E6C /* TableView.swift in Sources */,
				460DF0872BBA657E00EA5E6C /* Toolbar.swift in Sources */,
				460DF0832BBA654F00EA5E6C /* PreferencesView.swift in Sources */,
				468634732BB672EC00A1C514 /* SidebarView.swift in Sources */,
				468634712BB6680D00A1C514 /* SampleEvent.swift in Sources */,
				468634782BB6ABE900A1C514 /* GridView.swift in Sources */,
				460DF0852BBA657600EA5E6C /* Menus.swift in Sources */,
				4686346B2BB6680D00A1C514 /* Networker.swift in Sources */,
			);
			runOnlyForDeploymentPostprocessing = 0;
		};
/* End PBXSourcesBuildPhase section */

/* Begin XCBuildConfiguration section */
		4686345D2BB6669400A1C514 /* Debug */ = {
			isa = XCBuildConfiguration;
			buildSettings = {
				ALWAYS_SEARCH_USER_PATHS = NO;
				ASSETCATALOG_COMPILER_GENERATE_SWIFT_ASSET_SYMBOL_EXTENSIONS = YES;
				CLANG_ANALYZER_NONNULL = YES;
				CLANG_ANALYZER_NUMBER_OBJECT_CONVERSION = YES_AGGRESSIVE;
				CLANG_CXX_LANGUAGE_STANDARD = "gnu++20";
				CLANG_ENABLE_MODULES = YES;
				CLANG_ENABLE_OBJC_ARC = YES;
				CLANG_ENABLE_OBJC_WEAK = YES;
				CLANG_WARN_BLOCK_CAPTURE_AUTORELEASING = YES;
				CLANG_WARN_BOOL_CONVERSION = YES;
				CLANG_WARN_COMMA = YES;
				CLANG_WARN_CONSTANT_CONVERSION = YES;
				CLANG_WARN_DEPRECATED_OBJC_IMPLEMENTATIONS = YES;
				CLANG_WARN_DIRECT_OBJC_ISA_USAGE = YES_ERROR;
				CLANG_WARN_DOCUMENTATION_COMMENTS = YES;
				CLANG_WARN_EMPTY_BODY = YES;
				CLANG_WARN_ENUM_CONVERSION = YES;
				CLANG_WARN_INFINITE_RECURSION = YES;
				CLANG_WARN_INT_CONVERSION = YES;
				CLANG_WARN_NON_LITERAL_NULL_CONVERSION = YES;
				CLANG_WARN_OBJC_IMPLICIT_RETAIN_SELF = YES;
				CLANG_WARN_OBJC_LITERAL_CONVERSION = YES;
				CLANG_WARN_OBJC_ROOT_CLASS = YES_ERROR;
				CLANG_WARN_QUOTED_INCLUDE_IN_FRAMEWORK_HEADER = YES;
				CLANG_WARN_RANGE_LOOP_ANALYSIS = YES;
				CLANG_WARN_STRICT_PROTOTYPES = YES;
				CLANG_WARN_SUSPICIOUS_MOVE = YES;
				CLANG_WARN_UNGUARDED_AVAILABILITY = YES_AGGRESSIVE;
				CLANG_WARN_UNREACHABLE_CODE = YES;
				CLANG_WARN__DUPLICATE_METHOD_MATCH = YES;
				COPY_PHASE_STRIP = NO;
				DEBUG_INFORMATION_FORMAT = dwarf;
				ENABLE_STRICT_OBJC_MSGSEND = YES;
				ENABLE_TESTABILITY = YES;
				ENABLE_USER_SCRIPT_SANDBOXING = YES;
				GCC_C_LANGUAGE_STANDARD = gnu17;
				GCC_DYNAMIC_NO_PIC = NO;
				GCC_NO_COMMON_BLOCKS = YES;
				GCC_OPTIMIZATION_LEVEL = 0;
				GCC_PREPROCESSOR_DEFINITIONS = (
					"DEBUG=1",
					"$(inherited)",
				);
				GCC_WARN_64_TO_32_BIT_CONVERSION = YES;
				GCC_WARN_ABOUT_RETURN_TYPE = YES_ERROR;
				GCC_WARN_UNDECLARED_SELECTOR = YES;
				GCC_WARN_UNINITIALIZED_AUTOS = YES_AGGRESSIVE;
				GCC_WARN_UNUSED_FUNCTION = YES;
				GCC_WARN_UNUSED_VARIABLE = YES;
				LOCALIZATION_PREFERS_STRING_CATALOGS = YES;
				MACOSX_DEPLOYMENT_TARGET = 14.4;
				MTL_ENABLE_DEBUG_INFO = INCLUDE_SOURCE;
				MTL_FAST_MATH = YES;
				ONLY_ACTIVE_ARCH = YES;
				SDKROOT = macosx;
				SWIFT_ACTIVE_COMPILATION_CONDITIONS = "DEBUG $(inherited)";
				SWIFT_OPTIMIZATION_LEVEL = "-Onone";
			};
			name = Debug;
		};
		4686345E2BB6669400A1C514 /* Release */ = {
			isa = XCBuildConfiguration;
			buildSettings = {
				ALWAYS_SEARCH_USER_PATHS = NO;
				ASSETCATALOG_COMPILER_GENERATE_SWIFT_ASSET_SYMBOL_EXTENSIONS = YES;
				CLANG_ANALYZER_NONNULL = YES;
				CLANG_ANALYZER_NUMBER_OBJECT_CONVERSION = YES_AGGRESSIVE;
				CLANG_CXX_LANGUAGE_STANDARD = "gnu++20";
				CLANG_ENABLE_MODULES = YES;
				CLANG_ENABLE_OBJC_ARC = YES;
				CLANG_ENABLE_OBJC_WEAK = YES;
				CLANG_WARN_BLOCK_CAPTURE_AUTORELEASING = YES;
				CLANG_WARN_BOOL_CONVERSION = YES;
				CLANG_WARN_COMMA = YES;
				CLANG_WARN_CONSTANT_CONVERSION = YES;
				CLANG_WARN_DEPRECATED_OBJC_IMPLEMENTATIONS = YES;
				CLANG_WARN_DIRECT_OBJC_ISA_USAGE = YES_ERROR;
				CLANG_WARN_DOCUMENTATION_COMMENTS = YES;
				CLANG_WARN_EMPTY_BODY = YES;
				CLANG_WARN_ENUM_CONVERSION = YES;
				CLANG_WARN_INFINITE_RECURSION = YES;
				CLANG_WARN_INT_CONVERSION = YES;
				CLANG_WARN_NON_LITERAL_NULL_CONVERSION = YES;
				CLANG_WARN_OBJC_IMPLICIT_RETAIN_SELF = YES;
				CLANG_WARN_OBJC_LITERAL_CONVERSION = YES;
				CLANG_WARN_OBJC_ROOT_CLASS = YES_ERROR;
				CLANG_WARN_QUOTED_INCLUDE_IN_FRAMEWORK_HEADER = YES;
				CLANG_WARN_RANGE_LOOP_ANALYSIS = YES;
				CLANG_WARN_STRICT_PROTOTYPES = YES;
				CLANG_WARN_SUSPICIOUS_MOVE = YES;
				CLANG_WARN_UNGUARDED_AVAILABILITY = YES_AGGRESSIVE;
				CLANG_WARN_UNREACHABLE_CODE = YES;
				CLANG_WARN__DUPLICATE_METHOD_MATCH = YES;
				COPY_PHASE_STRIP = NO;
				DEBUG_INFORMATION_FORMAT = "dwarf-with-dsym";
				ENABLE_NS_ASSERTIONS = NO;
				ENABLE_STRICT_OBJC_MSGSEND = YES;
				ENABLE_USER_SCRIPT_SANDBOXING = YES;
				GCC_C_LANGUAGE_STANDARD = gnu17;
				GCC_NO_COMMON_BLOCKS = YES;
				GCC_WARN_64_TO_32_BIT_CONVERSION = YES;
				GCC_WARN_ABOUT_RETURN_TYPE = YES_ERROR;
				GCC_WARN_UNDECLARED_SELECTOR = YES;
				GCC_WARN_UNINITIALIZED_AUTOS = YES_AGGRESSIVE;
				GCC_WARN_UNUSED_FUNCTION = YES;
				GCC_WARN_UNUSED_VARIABLE = YES;
				LOCALIZATION_PREFERS_STRING_CATALOGS = YES;
				MACOSX_DEPLOYMENT_TARGET = 14.4;
				MTL_ENABLE_DEBUG_INFO = NO;
				MTL_FAST_MATH = YES;
				SDKROOT = macosx;
				SWIFT_COMPILATION_MODE = wholemodule;
			};
			name = Release;
		};
		468634602BB6669400A1C514 /* Debug */ = {
			isa = XCBuildConfiguration;
			buildSettings = {
				ASSETCATALOG_COMPILER_APPICON_NAME = AppIcon;
				ASSETCATALOG_COMPILER_GLOBAL_ACCENT_COLOR_NAME = AccentColor;
				CODE_SIGN_ENTITLEMENTS = OnThisDay/OnThisDay.entitlements;
				CODE_SIGN_STYLE = Automatic;
				COMBINE_HIDPI_IMAGES = YES;
				CURRENT_PROJECT_VERSION = 1;
				DEVELOPMENT_ASSET_PATHS = "\"OnThisDay/Preview Content\"";
				DEVELOPMENT_TEAM = 8PQ3PRCB3U;
				ENABLE_HARDENED_RUNTIME = YES;
				ENABLE_PREVIEWS = YES;
				GENERATE_INFOPLIST_FILE = YES;
				INFOPLIST_KEY_NSHumanReadableCopyright = "";
				LD_RUNPATH_SEARCH_PATHS = (
					"$(inherited)",
					"@executable_path/../Frameworks",
				);
				MARKETING_VERSION = 1.0;
				PRODUCT_BUNDLE_IDENTIFIER = com.G0SU19O2.OnThisDay;
				PRODUCT_NAME = "On This Day";
				SWIFT_EMIT_LOC_STRINGS = YES;
				SWIFT_VERSION = 5.0;
			};
			name = Debug;
		};
		468634612BB6669400A1C514 /* Release */ = {
			isa = XCBuildConfiguration;
			buildSettings = {
				ASSETCATALOG_COMPILER_APPICON_NAME = AppIcon;
				ASSETCATALOG_COMPILER_GLOBAL_ACCENT_COLOR_NAME = AccentColor;
				CODE_SIGN_ENTITLEMENTS = OnThisDay/OnThisDay.entitlements;
				CODE_SIGN_STYLE = Automatic;
				COMBINE_HIDPI_IMAGES = YES;
				CURRENT_PROJECT_VERSION = 1;
				DEVELOPMENT_ASSET_PATHS = "\"OnThisDay/Preview Content\"";
				DEVELOPMENT_TEAM = 8PQ3PRCB3U;
				ENABLE_HARDENED_RUNTIME = YES;
				ENABLE_PREVIEWS = YES;
				GENERATE_INFOPLIST_FILE = YES;
				INFOPLIST_KEY_NSHumanReadableCopyright = "";
				LD_RUNPATH_SEARCH_PATHS = (
					"$(inherited)",
					"@executable_path/../Frameworks",
				);
				MARKETING_VERSION = 1.0;
				PRODUCT_BUNDLE_IDENTIFIER = com.G0SU19O2.OnThisDay;
				PRODUCT_NAME = "On This Day";
				SWIFT_EMIT_LOC_STRINGS = YES;
				SWIFT_VERSION = 5.0;
			};
			name = Release;
		};
/* End XCBuildConfiguration section */

/* Begin XCConfigurationList section */
		4686344B2BB6669200A1C514 /* Build configuration list for PBXProject "OnThisDay" */ = {
			isa = XCConfigurationList;
			buildConfigurations = (
				4686345D2BB6669400A1C514 /* Debug */,
				4686345E2BB6669400A1C514 /* Release */,
			);
			defaultConfigurationIsVisible = 0;
			defaultConfigurationName = Release;
		};
		4686345F2BB6669400A1C514 /* Build configuration list for PBXNativeTarget "OnThisDay" */ = {
			isa = XCConfigurationList;
			buildConfigurations = (
				468634602BB6669400A1C514 /* Debug */,
				468634612BB6669400A1C514 /* Release */,
			);
			defaultConfigurationIsVisible = 0;
			defaultConfigurationName = Release;
		};
/* End XCConfigurationList section */
	};
	rootObject = 468634482BB6669200A1C514 /* Project object */;
}
